
Microsoft Visual Studio Solution File, Format Version 12.00
# Visual Studio 15
VisualStudioVersion = 15.0.28307.168
MinimumVisualStudioVersion = 10.0.40219.1
Project("{FAE04EC0-301F-11D3-BF4B-00C04F79EFBC}") = "Census_Data_Digitalization", "Census_Data_Digitalization\Census_Data_Digitalization.csproj", "{5DC4A972-EAF8-45AF-879E-8B1DF845B496}"
EndProject
Project("{FAE04EC0-301F-11D3-BF4B-00C04F79EFBC}") = "DAL", "DAL\DAL.csproj", "{D664752B-DBB1-4A56-9269-A84D61B463BE}"
EndProject
Project("{FAE04EC0-301F-11D3-BF4B-00C04F79EFBC}") = "BAL", "BAL\BAL.csproj", "{7A4D2180-407F-48FF-AC3A-E236E46E1D09}"
EndProject
Project("{FAE04EC0-301F-11D3-BF4B-00C04F79EFBC}") = "CensusEntityFramework", "CesusEntityFramework\CensusEntityFramework.csproj", "{DF0EDECA-FD57-4773-8EF0-EA589F00EB29}"
EndProject
Project("{FAE04EC0-301F-11D3-BF4B-00C04F79EFBC}") = "Shared", "Shared\Shared.csproj", "{DB4A7A0F-AB4D-473D-9474-C36956DAA823}"
EndProject
Global
	GlobalSection(SolutionConfigurationPlatforms) = preSolution
		Debug|Any CPU = Debug|Any CPU
		Release|Any CPU = Release|Any CPU
	EndGlobalSection
	GlobalSection(ProjectConfigurationPlatforms) = postSolution
		{5DC4A972-EAF8-45AF-879E-8B1DF845B496}.Debug|Any CPU.ActiveCfg = Debug|Any CPU
		{5DC4A972-EAF8-45AF-879E-8B1DF845B496}.Debug|Any CPU.Build.0 = Debug|Any CPU
		{5DC4A972-EAF8-45AF-879E-8B1DF845B496}.Release|Any CPU.ActiveCfg = Release|Any CPU
		{5DC4A972-EAF8-45AF-879E-8B1DF845B496}.Release|Any CPU.Build.0 = Release|Any CPU
		{D664752B-DBB1-4A56-9269-A84D61B463BE}.Debug|Any CPU.ActiveCfg = Debug|Any CPU
		{D664752B-DBB1-4A56-9269-A84D61B463BE}.Debug|Any CPU.Build.0 = Debug|Any CPU
		{D664752B-DBB1-4A56-9269-A84D61B463BE}.Release|Any CPU.ActiveCfg = Release|Any CPU
		{D664752B-DBB1-4A56-9269-A84D61B463BE}.Release|Any CPU.Build.0 = Release|Any CPU
		{7A4D2180-407F-48FF-AC3A-E236E46E1D09}.Debug|Any CPU.ActiveCfg = Debug|Any CPU
		{7A4D2180-407F-48FF-AC3A-E236E46E1D09}.Debug|Any CPU.Build.0 = Debug|Any CPU
		{7A4D2180-407F-48FF-AC3A-E236E46E1D09}.Release|Any CPU.ActiveCfg = Release|Any CPU
		{7A4D2180-407F-48FF-AC3A-E236E46E1D09}.Release|Any CPU.Build.0 = Release|Any CPU
		{DF0EDECA-FD57-4773-8EF0-EA589F00EB29}.Debug|Any CPU.ActiveCfg = Debug|Any CPU
		{DF0EDECA-FD57-4773-8EF0-EA589F00EB29}.Debug|Any CPU.Build.0 = Debug|Any CPU
		{DF0EDECA-FD57-4773-8EF0-EA589F00EB29}.Release|Any CPU.ActiveCfg = Release|Any CPU
		{DF0EDECA-FD57-4773-8EF0-EA589F00EB29}.Release|Any CPU.Build.0 = Release|Any CPU
		{DB4A7A0F-AB4D-473D-9474-C36956DAA823}.Debug|Any CPU.ActiveCfg = Debug|Any CPU
		{DB4A7A0F-AB4D-473D-9474-C36956DAA823}.Debug|Any CPU.Build.0 = Debug|Any CPU
		{DB4A7A0F-AB4D-473D-9474-C36956DAA823}.Release|Any CPU.ActiveCfg = Release|Any CPU
		{DB4A7A0F-AB4D-473D-9474-C36956DAA823}.Release|Any CPU.Build.0 = Release|Any CPU
	EndGlobalSection
	GlobalSection(SolutionProperties) = preSolution
		HideSolutionNode = FALSE
	EndGlobalSection
	GlobalSection(ExtensibilityGlobals) = postSolution
		SolutionGuid = {715DA980-4E52-4AA2-8391-9DC799E9D595}
	EndGlobalSection
EndGlobal
